
Microsoft Visual Studio Solution File, Format Version 12.00
# Visual Studio Version 17
VisualStudioVersion = 17.6.33829.357
MinimumVisualStudioVersion = 10.0.40219.1
Project("{FAE04EC0-301F-11D3-BF4B-00C04F79EFBC}") = "Prueba1OrientadaObjetos_RogerFigueroa_18040040", "Prueba1OrientadaObjetos_RogerFigueroa_18040040\Prueba1OrientadaObjetos_RogerFigueroa_18040040.csproj", "{92F83157-AFEE-4514-B4E9-F1AD163D6C24}"
EndProject
Global
	GlobalSection(SolutionConfigurationPlatforms) = preSolution
		Debug|Any CPU = Debug|Any CPU
		Release|Any CPU = Release|Any CPU
	EndGlobalSection
	GlobalSection(ProjectConfigurationPlatforms) = postSolution
		{92F83157-AFEE-4514-B4E9-F1AD163D6C24}.Debug|Any CPU.ActiveCfg = Debug|Any CPU
		{92F83157-AFEE-4514-B4E9-F1AD163D6C24}.Debug|Any CPU.Build.0 = Debug|Any CPU
		{92F83157-AFEE-4514-B4E9-F1AD163D6C24}.Release|Any CPU.ActiveCfg = Release|Any CPU
		{92F83157-AFEE-4514-B4E9-F1AD163D6C24}.Release|Any CPU.Build.0 = Release|Any CPU
	EndGlobalSection
	GlobalSection(SolutionProperties) = preSolution
		HideSolutionNode = FALSE
	EndGlobalSection
	GlobalSection(ExtensibilityGlobals) = postSolution
		SolutionGuid = {6D383D67-B08D-4C67-8F20-C32995731851}
	EndGlobalSection
EndGlobal
